github.com/hugomods/google-adsense v0.1.0 h1:eykHVCF+JjJRpEQ/b+EkH9aQLQxIdGI8m06qsq1iybA=
github.com/hugomods/google-adsense v0.1.0/go.mod h1:zXQIuUr9pIqlNdCzOLY04Rx7oeUm5R+OhUmscNPiI0w=
github.com/hugomods/google-analytics v0.2.0 h1:ziRPsDMYKAmvfl6ofthJdmXq0w10yxNKI/dF0vbcX0k=
github.com/hugomods/google-analytics v0.2.0/go.mod h1:Q89C3HmPHn2m2VT1INfnLwkpDyyYRLRIPitLA/aFIy8=
github.com/hugomods/shortcodes v0.12.0 h1:bB9bPoNRifiXHeaBS6UceqqKHuvWLAxhXdPn4Mu83Qc=
github.com/hugomods/shortcodes v0.12.0/go.mod h1:EnVopbZMNI/HeteM3Lp3phBTCRLvPSe7l142qhRFFPY=
github.com/nanxiaobei/hugo-paper v0.0.0-20230907045345-2b823366719b h1:8EtiB/qZAcnVNYOzrZTLaGGlF0yxgX6S1x1126Yz7Jc=
github.com/nanxiaobei/hugo-paper v0.0.0-20230907045345-2b823366719b/go.mod h1:cS2hTYPgmZ2FkPTQbOiX6vB0yLQcWD067kJx2lkRPVQ=
