github.com/rokcso/hugo-bearblog-neo v0.0.0-20250223130437-f969b1e8fde6 h1:eedTU1+hFABxHqGhxZPWaPAoBSpUoyj+xEZE7ux6Tlc=
github.com/rokcso/hugo-bearblog-neo v0.0.0-20250223130437-f969b1e8fde6/go.mod h1:KpSpNEqVucE6mIXyYIW7NMeXGOQr7khTCMXh/CZ7S0k=
github.com/rokcso/hugo-bearblog-neo v0.0.0-20251103110330-839cbf1ce1f6 h1:sxkOIrZ3kpxJj34jMbXMQyYn2ii90ZERrbVFPiIodYU=
github.com/rokcso/hugo-bearblog-neo v0.0.0-20251103110330-839cbf1ce1f6/go.mod h1:KpSpNEqVucE6mIXyYIW7NMeXGOQr7khTCMXh/CZ7S0k=
